#MicroXplorer Configuration settings - do not modify
Mcu.Family=STM32L4
ProjectManager.MainLocation=Core/Src
PA2.GPIO_PuPd=GPIO_NOPULL
PB13.GPIOParameters=GPIO_Label
RCC.USART1Freq_Value=80000000
RCC.SAI1Freq_Value=18285714.285714287
USART2.IPParameters=VirtualMode-Asynchronous
RCC.CortexFreq_Value=80000000
ProjectManager.KeepUserCode=true
Mcu.UserName=STM32L433RCTxP
PH0-OSC_IN\ (PH0).Signal=RCC_OSC_IN
PH0-OSC_IN\ (PH0).Locked=true
RCC.PLLSAI1RoutputFreq_Value=64000000
PA3.GPIO_PuPd=GPIO_NOPULL
ProjectManager.functionlistsort=1-MX_GPIO_Init-GPIO-false-HAL-true,2-SystemClock_Config-RCC-false-HAL-false,3-MX_USART2_UART_Init-USART2-false-HAL-true
PA2.GPIO_Speed=GPIO_SPEED_FREQ_VERY_HIGH
PA13\ (JTMS-SWDIO).Locked=true
PA3.GPIOParameters=GPIO_Speed,GPIO_PuPd,GPIO_Label,GPIO_Mode
PA6.GPIO_Label=SMPS_PG [ADP5301ACBZ_OUTOK]
RCC.USART2Freq_Value=80000000
PC15-OSC32_OUT\ (PC15).Mode=LSE-External-Oscillator
PC13.GPIO_Label=B1 [Blue PushButton]
PB13.GPIO_Label=LD4 [green Led]
PA3.GPIO_Speed=GPIO_SPEED_FREQ_VERY_HIGH
PB13.Signal=GPIO_Output
PA2.GPIOParameters=GPIO_Speed,GPIO_PuPd,GPIO_Label,GPIO_Mode
PinOutPanel.RotationAngle=0
RCC.MCO1PinFreq_Value=80000000
RCC.SYSCLKSource=RCC_SYSCLKSOURCE_PLLCLK
ProjectManager.StackSize=0x400
PB3\ (JTDO-TRACESWO).Signal=SYS_JTDO-SWO
PC14-OSC32_IN\ (PC14).Mode=LSE-External-Oscillator
SH.GPXTI13.0=GPIO_EXTI13
PA14\ (JTCK-SWCLK).Signal=SYS_JTCK-SWCLK
RCC.I2C3Freq_Value=80000000
RCC.LPTIM1Freq_Value=80000000
Mcu.IP4=USART2
RCC.FCLKCortexFreq_Value=80000000
NVIC.SVCall_IRQn=true\:0\:0\:false\:false\:true\:true\:false
Mcu.IP2=SYS
Mcu.IP3=TIM2
Mcu.IP0=NVIC
Mcu.IP1=RCC
Mcu.UserConstants=
RCC.VCOSAI1OutputFreq_Value=128000000
RCC.SDMMCFreq_Value=64000000
SH.GPXTI13.ConfNb=1
PA14\ (JTCK-SWCLK).GPIOParameters=GPIO_Label
Mcu.ThirdPartyNb=0
RCC.HCLKFreq_Value=80000000
RCC.I2C4Freq_Value=80000000
Mcu.IPNb=5
TIM2.IPParameters=Period,AutoReloadPreload,Channel-PWM Generation1 CH1,Pulse-PWM Generation1 CH1
ProjectManager.PreviousToolchain=
RCC.APB2TimFreq_Value=80000000
Mcu.Pin6=PA2
VP_TIM2_VS_ClockSourceINT.Signal=TIM2_VS_ClockSourceINT
Mcu.Pin7=PA3
Mcu.Pin8=PA4
Mcu.Pin9=PA5
RCC.AHBFreq_Value=80000000
RCC.PREFETCH_ENABLE=1
PB13.Locked=true
Mcu.Pin0=PC13
Mcu.Pin1=PC14-OSC32_IN (PC14)
GPIO.groupedBy=Group By Peripherals
Mcu.Pin2=PC15-OSC32_OUT (PC15)
Mcu.Pin3=PH0-OSC_IN (PH0)
RCC.USART3Freq_Value=80000000
Mcu.Pin4=PH1-OSC_OUT (PH1)
Mcu.Pin5=PA0
ProjectManager.ProjectBuild=false
RCC.HSE_VALUE=8000000
NVIC.UsageFault_IRQn=true\:0\:0\:false\:false\:true\:true\:false
NVIC.DebugMonitor_IRQn=true\:0\:0\:false\:false\:true\:true\:false
PA4.Locked=true
USART2.VirtualMode-Asynchronous=VM_ASYNC
NVIC.SysTick_IRQn=true\:0\:0\:false\:false\:true\:true\:true
ProjectManager.FirmwarePackage=STM32Cube FW_L4 V1.17.1
MxDb.Version=DB.6.0.20
PA6.GPIO_PuPd=GPIO_PULLUP
ProjectManager.BackupPrevious=false
RCC.VCOInputFreq_Value=16000000
PA5.GPIO_PuPd=GPIO_NOPULL
File.Version=6
PC13.GPIO_PuPd=GPIO_NOPULL
SH.S_TIM2_CH1.ConfNb=1
RCC.PLLRCLKFreq_Value=80000000
TIM2.Channel-PWM\ Generation1\ CH1=TIM_CHANNEL_1
NVIC.PendSV_IRQn=true\:0\:0\:false\:false\:true\:true\:false
ProjectManager.HalAssertFull=false
ProjectManager.ProjectName=PWM_in_STM32
PA0.Signal=S_TIM2_CH1
Mcu.Package=LQFP64
PA6.Signal=GPIO_Input
PA5.Locked=true
PA7.Locked=true
ProjectManager.ToolChainLocation=
PA2.GPIO_Label=USART_TX
RCC.LSI_VALUE=32000
VP_SYS_VS_Systick.Signal=SYS_VS_Systick
RCC.LSCOPinFreq_Value=32000
PA5.GPIOParameters=GPIO_Speed,GPIO_PuPd,GPIO_Label,GPIO_ModeDefaultOutputPP
PC14-OSC32_IN\ (PC14).Locked=true
RCC.PLLPoutputFreq_Value=22857142.85714286
RCC.APB1TimFreq_Value=80000000
NVIC.BusFault_IRQn=true\:0\:0\:false\:false\:true\:true\:false
RCC.LPUART1Freq_Value=80000000
PA13\ (JTMS-SWDIO).Signal=SYS_JTMS-SWDIO
PA13\ (JTMS-SWDIO).GPIOParameters=GPIO_Label
PH0-OSC_IN\ (PH0).Mode=HSE-External-Clock-Source
PA4.GPIO_Label=SMPS_EN [ADP5301ACBZ_VEN]
ProjectManager.CustomerFirmwarePackage=
RCC.HSI48_VALUE=48000000
PB3\ (JTDO-TRACESWO).Locked=true
PA3.Signal=USART2_RX
PA2.GPIO_Mode=GPIO_MODE_AF_PP
PA2.Locked=true
PA6.GPIOParameters=GPIO_PuPd,GPIO_Label
RCC.MSI_VALUE=4000000
RCC.PLLSourceVirtual=RCC_PLLSOURCE_HSI
PA14\ (JTCK-SWCLK).Mode=Serial_Wire
RCC.PLLQoutputFreq_Value=80000000
ProjectManager.ProjectFileName=PWM_in_STM32.ioc
SH.S_TIM2_CH1.0=TIM2_CH1,PWM Generation1 CH1
Mcu.PinsNb=18
ProjectManager.NoMain=false
PC13.Locked=true
PC13.Signal=GPXTI13
RCC.SWPMI1Freq_Value=80000000
ProjectManager.DefaultFWLocation=true
PC15-OSC32_OUT\ (PC15).Signal=RCC_OSC32_OUT
PA14\ (JTCK-SWCLK).GPIO_Label=TCK
PB3\ (JTDO-TRACESWO).GPIO_Label=SWO
ProjectManager.DeletePrevious=true
RCC.VCOSAI2OutputFreq_Value=128000000
boardIOC=true
RCC.FamilyName=M
PH1-OSC_OUT\ (PH1).Signal=RCC_OSC_OUT
TIM2.Pulse-PWM\ Generation1\ CH1=25
PA3.Mode=Asynchronous
ProjectManager.TargetToolchain=STM32CubeIDE
PA3.GPIO_Mode=GPIO_MODE_AF_PP
ProjectManager.RegisterCallBack=
PC15-OSC32_OUT\ (PC15).Locked=true
RCC.USBFreq_Value=64000000
RCC.PLLSAI1PoutputFreq_Value=18285714.285714287
PA5.Signal=GPIO_Output
PH1-OSC_OUT\ (PH1).Locked=true
board=NUCLEO-L433RC-P
RCC.VCOOutputFreq_Value=160000000
ProjectManager.LastFirmware=true
RCC.APB2Freq_Value=80000000
RCC.UART4Freq_Value=80000000
MxCube.Version=6.2.0
PB3\ (JTDO-TRACESWO).GPIOParameters=GPIO_Label
PA5.GPIO_ModeDefaultOutputPP=GPIO_MODE_OUTPUT_PP
PA13\ (JTMS-SWDIO).GPIO_Label=TMS
VP_TIM2_VS_ClockSourceINT.Mode=Internal
RCC.I2C1Freq_Value=80000000
PC13.GPIOParameters=GPIO_PuPd,GPIO_Label,GPIO_ModeDefaultEXTI
RCC.RNGFreq_Value=64000000
RCC.PLLSAI1QoutputFreq_Value=64000000
RCC.ADCFreq_Value=64000000
VP_SYS_VS_Systick.Mode=SysTick
NVIC.NonMaskableInt_IRQn=true\:0\:0\:false\:false\:true\:true\:false
PA4.GPIOParameters=GPIO_Label
TIM2.Period=1023
RCC.UART5Freq_Value=80000000
ProjectManager.FreePins=false
RCC.IPParameters=ADCFreq_Value,AHBFreq_Value,APB1Freq_Value,APB1TimFreq_Value,APB2Freq_Value,APB2TimFreq_Value,CortexFreq_Value,FCLKCortexFreq_Value,FamilyName,HCLKFreq_Value,HSE_VALUE,HSI48_VALUE,HSI_VALUE,I2C1Freq_Value,I2C2Freq_Value,I2C3Freq_Value,I2C4Freq_Value,LPTIM1Freq_Value,LPTIM2Freq_Value,LPUART1Freq_Value,LSCOPinFreq_Value,LSI_VALUE,MCO1PinFreq_Value,MSI_VALUE,PLLN,PLLPoutputFreq_Value,PLLQoutputFreq_Value,PLLRCLKFreq_Value,PLLSAI1PoutputFreq_Value,PLLSAI1QoutputFreq_Value,PLLSAI1RoutputFreq_Value,PLLSourceVirtual,PREFETCH_ENABLE,PWRFreq_Value,RNGFreq_Value,SAI1Freq_Value,SDMMCFreq_Value,SWPMI1Freq_Value,SYSCLKFreq_VALUE,SYSCLKSource,UART4Freq_Value,UART5Freq_Value,USART1Freq_Value,USART2Freq_Value,USART3Freq_Value,USBFreq_Value,VCOInputFreq_Value,VCOOutputFreq_Value,VCOSAI1OutputFreq_Value,VCOSAI2OutputFreq_Value
ProjectManager.AskForMigrate=true
Mcu.Name=STM32L433RCTxP
RCC.LPTIM2Freq_Value=80000000
PA2.Signal=USART2_TX
ProjectManager.UnderRoot=true
ProjectManager.CoupleFile=false
PA13\ (JTMS-SWDIO).Mode=Serial_Wire
PA4.Signal=GPIO_Output
RCC.SYSCLKFreq_VALUE=80000000
PA7.GPIO_Label=SMPS_SW [TS3A44159PWR_IN1_2]
PA3.Locked=true
PA5.GPIO_Label=SMPS_V1
PA14\ (JTCK-SWCLK).Locked=true
NVIC.ForceEnableDMAVector=true
KeepUserPlacement=false
PC13.GPIO_ModeDefaultEXTI=GPIO_MODE_IT_FALLING
PC14-OSC32_IN\ (PC14).Signal=RCC_OSC32_IN
NVIC.MemoryManagement_IRQn=true\:0\:0\:false\:false\:true\:true\:false
ProjectManager.CompilerOptimize=6
ProjectManager.HeapSize=0x200
Mcu.Pin15=PB3 (JTDO-TRACESWO)
NVIC.HardFault_IRQn=true\:0\:0\:false\:false\:true\:true\:false
Mcu.Pin16=VP_SYS_VS_Systick
Mcu.Pin13=PA13 (JTMS-SWDIO)
Mcu.Pin14=PA14 (JTCK-SWCLK)
ProjectManager.ComputerToolchain=false
Mcu.Pin17=VP_TIM2_VS_ClockSourceINT
RCC.HSI_VALUE=16000000
PA5.GPIO_Speed=GPIO_SPEED_FREQ_LOW
NVIC.PriorityGroup=NVIC_PRIORITYGROUP_4
PH0-OSC_IN\ (PH0).GPIO_Label=MCO
Mcu.Pin11=PA7
Mcu.Pin12=PB13
RCC.PLLN=10
Mcu.Pin10=PA6
PA2.Mode=Asynchronous
TIM2.AutoReloadPreload=TIM_AUTORELOAD_PRELOAD_ENABLE
RCC.PWRFreq_Value=80000000
RCC.I2C2Freq_Value=80000000
RCC.APB1Freq_Value=80000000
PA7.GPIOParameters=GPIO_Label
ProjectManager.DeviceId=STM32L433RCTxP
ProjectManager.LibraryCopy=1
PA3.GPIO_Label=USART_RX
PH0-OSC_IN\ (PH0).GPIOParameters=GPIO_Label
PA7.Signal=GPIO_Output
PA6.Locked=true
isbadioc=false
